// !$*UTF8*$!
{
	archiveVersion = 1;
	classes = {
	};
	objectVersion = 50;
	objects = {

/* Begin PBXBuildFile section */
		960A852723E050F20027A55D /* PlaceViewModel.swift in Sources */ = {isa = PBXBuildFile; fileRef = 960A852623E050F20027A55D /* PlaceViewModel.swift */; };
		960A852923E064B50027A55D /* PlaceCell.swift in Sources */ = {isa = PBXBuildFile; fileRef = 960A852823E064B50027A55D /* PlaceCell.swift */; };
		9620829323E0466C009CF6B5 /* AppDelegate.swift in Sources */ = {isa = PBXBuildFile; fileRef = 9620829223E0466C009CF6B5 /* AppDelegate.swift */; };
		9620829523E0466C009CF6B5 /* SceneDelegate.swift in Sources */ = {isa = PBXBuildFile; fileRef = 9620829423E0466C009CF6B5 /* SceneDelegate.swift */; };
		9620829823E0466C009CF6B5 /* SwiftUI_CoreData.xcdatamodeld in Sources */ = {isa = PBXBuildFile; fileRef = 9620829623E0466C009CF6B5 /* SwiftUI_CoreData.xcdatamodeld */; };
		9620829A23E0466C009CF6B5 /* ContentView.swift in Sources */ = {isa = PBXBuildFile; fileRef = 9620829923E0466C009CF6B5 /* ContentView.swift */; };
		9620829C23E0466E009CF6B5 /* Assets.xcassets in Resources */ = {isa = PBXBuildFile; fileRef = 9620829B23E0466E009CF6B5 /* Assets.xcassets */; };
		9620829F23E0466E009CF6B5 /* Preview Assets.xcassets in Resources */ = {isa = PBXBuildFile; fileRef = 9620829E23E0466E009CF6B5 /* Preview Assets.xcassets */; };
		962082A223E0466E009CF6B5 /* LaunchScreen.storyboard in Resources */ = {isa = PBXBuildFile; fileRef = 962082A023E0466E009CF6B5 /* LaunchScreen.storyboard */; };
		962082AC23E04753009CF6B5 /* AddPlaceView.swift in Sources */ = {isa = PBXBuildFile; fileRef = 962082AB23E04753009CF6B5 /* AddPlaceView.swift */; };
		966EBEBB23E9C338005F1B3F /* AddPlaceViewController.swift in Sources */ = {isa = PBXBuildFile; fileRef = 966EBEBA23E9C338005F1B3F /* AddPlaceViewController.swift */; };
		96AB252623E2E72C00F2F72A /* MapView.swift in Sources */ = {isa = PBXBuildFile; fileRef = 96AB252523E2E72C00F2F72A /* MapView.swift */; };
		96AB252823E2FED500F2F72A /* ViewSelectedPlace.swift in Sources */ = {isa = PBXBuildFile; fileRef = 96AB252723E2FED500F2F72A /* ViewSelectedPlace.swift */; };
		96AB252A23E3036100F2F72A /* CircularView.swift in Sources */ = {isa = PBXBuildFile; fileRef = 96AB252923E3036100F2F72A /* CircularView.swift */; };
		96AE208523F3FAD700DE80BE /* PlaceListViewModel.swift in Sources */ = {isa = PBXBuildFile; fileRef = 96AE208423F3FAD700DE80BE /* PlaceListViewModel.swift */; };
		96D4506823E5F1D400EDFB2E /* CoreDataManager.swift in Sources */ = {isa = PBXBuildFile; fileRef = 96D4506723E5F1D400EDFB2E /* CoreDataManager.swift */; };
		96D4506B23E5F26300EDFB2E /* NSManagedObjectContext.swift in Sources */ = {isa = PBXBuildFile; fileRef = 96D4506A23E5F26300EDFB2E /* NSManagedObjectContext.swift */; };
/* End PBXBuildFile section */

/* Begin PBXFileReference section */
		960A852623E050F20027A55D /* PlaceViewModel.swift */ = {isa = PBXFileReference; lastKnownFileType = sourcecode.swift; path = PlaceViewModel.swift; sourceTree = "<group>"; };
		960A852823E064B50027A55D /* PlaceCell.swift */ = {isa = PBXFileReference; lastKnownFileType = sourcecode.swift; path = PlaceCell.swift; sourceTree = "<group>"; };
		9620828F23E0466C009CF6B5 /* SwiftUI-CoreData.app */ = {isa = PBXFileReference; explicitFileType = wrapper.application; includeInIndex = 0; path = "SwiftUI-CoreData.app"; sourceTree = BUILT_PRODUCTS_DIR; };
		9620829223E0466C009CF6B5 /* AppDelegate.swift */ = {isa = PBXFileReference; lastKnownFileType = sourcecode.swift; path = AppDelegate.swift; sourceTree = "<group>"; };
		9620829423E0466C009CF6B5 /* SceneDelegate.swift */ = {isa = PBXFileReference; lastKnownFileType = sourcecode.swift; path = SceneDelegate.swift; sourceTree = "<group>"; };
		9620829723E0466C009CF6B5 /* SwiftUI_CoreData.xcdatamodel */ = {isa = PBXFileReference; lastKnownFileType = wrapper.xcdatamodel; path = SwiftUI_CoreData.xcdatamodel; sourceTree = "<group>"; };
		9620829923E0466C009CF6B5 /* ContentView.swift */ = {isa = PBXFileReference; lastKnownFileType = sourcecode.swift; path = ContentView.swift; sourceTree = "<group>"; };
		9620829B23E0466E009CF6B5 /* Assets.xcassets */ = {isa = PBXFileReference; lastKnownFileType = folder.assetcatalog; path = Assets.xcassets; sourceTree = "<group>"; };
		9620829E23E0466E009CF6B5 /* Preview Assets.xcassets */ = {isa = PBXFileReference; lastKnownFileType = folder.assetcatalog; path = "Preview Assets.xcassets"; sourceTree = "<group>"; };
		962082A123E0466E009CF6B5 /* Base */ = {isa = PBXFileReference; lastKnownFileType = file.storyboard; name = Base; path = Base.lproj/LaunchScreen.storyboard; sourceTree = "<group>"; };
		962082A323E0466E009CF6B5 /* Info.plist */ = {isa = PBXFileReference; lastKnownFileType = text.plist.xml; path = Info.plist; sourceTree = "<group>"; };
		962082AB23E04753009CF6B5 /* AddPlaceView.swift */ = {isa = PBXFileReference; lastKnownFileType = sourcecode.swift; path = AddPlaceView.swift; sourceTree = "<group>"; };
		966EBEBA23E9C338005F1B3F /* AddPlaceViewController.swift */ = {isa = PBXFileReference; lastKnownFileType = sourcecode.swift; path = AddPlaceViewController.swift; sourceTree = "<group>"; };
		96AB252523E2E72C00F2F72A /* MapView.swift */ = {isa = PBXFileReference; lastKnownFileType = sourcecode.swift; path = MapView.swift; sourceTree = "<group>"; };
		96AB252723E2FED500F2F72A /* ViewSelectedPlace.swift */ = {isa = PBXFileReference; lastKnownFileType = sourcecode.swift; path = ViewSelectedPlace.swift; sourceTree = "<group>"; };
		96AB252923E3036100F2F72A /* CircularView.swift */ = {isa = PBXFileReference; lastKnownFileType = sourcecode.swift; path = CircularView.swift; sourceTree = "<group>"; };
		96AE208423F3FAD700DE80BE /* PlaceListViewModel.swift */ = {isa = PBXFileReference; lastKnownFileType = sourcecode.swift; path = PlaceListViewModel.swift; sourceTree = "<group>"; };
		96D4506723E5F1D400EDFB2E /* CoreDataManager.swift */ = {isa = PBXFileReference; lastKnownFileType = sourcecode.swift; path = CoreDataManager.swift; sourceTree = "<group>"; };
		96D4506A23E5F26300EDFB2E /* NSManagedObjectContext.swift */ = {isa = PBXFileReference; lastKnownFileType = sourcecode.swift; path = NSManagedObjectContext.swift; sourceTree = "<group>"; };
/* End PBXFileReference section */

/* Begin PBXFrameworksBuildPhase section */
		9620828C23E0466C009CF6B5 /* Frameworks */ = {
			isa = PBXFrameworksBuildPhase;
			buildActionMask = 2147483647;
			files = (
			);
			runOnlyForDeploymentPostprocessing = 0;
		};
/* End PBXFrameworksBuildPhase section */

/* Begin PBXGroup section */
		9620828623E0466C009CF6B5 = {
			isa = PBXGroup;
			children = (
				9620829123E0466C009CF6B5 /* SwiftUI-CoreData */,
				9620829023E0466C009CF6B5 /* Products */,
			);
			sourceTree = "<group>";
		};
		9620829023E0466C009CF6B5 /* Products */ = {
			isa = PBXGroup;
			children = (
				9620828F23E0466C009CF6B5 /* SwiftUI-CoreData.app */,
			);
			name = Products;
			sourceTree = "<group>";
		};
		9620829123E0466C009CF6B5 /* SwiftUI-CoreData */ = {
			isa = PBXGroup;
			children = (
				96D4506623E5F1B500EDFB2E /* Helpers */,
				962082AA23E04687009CF6B5 /* View */,
				962082A923E0467A009CF6B5 /* ViewModel */,
				96AE208623F4307300DE80BE /* Controller */,
				9620829223E0466C009CF6B5 /* AppDelegate.swift */,
				9620829423E0466C009CF6B5 /* SceneDelegate.swift */,
				9620829923E0466C009CF6B5 /* ContentView.swift */,
				9620829B23E0466E009CF6B5 /* Assets.xcassets */,
				962082A323E0466E009CF6B5 /* Info.plist */,
				9620829623E0466C009CF6B5 /* SwiftUI_CoreData.xcdatamodeld */,
				9620829D23E0466E009CF6B5 /* Preview Content */,
			);
			path = "SwiftUI-CoreData";
			sourceTree = "<group>";
		};
		9620829D23E0466E009CF6B5 /* Preview Content */ = {
			isa = PBXGroup;
			children = (
				9620829E23E0466E009CF6B5 /* Preview Assets.xcassets */,
			);
			path = "Preview Content";
			sourceTree = "<group>";
		};
		962082A923E0467A009CF6B5 /* ViewModel */ = {
			isa = PBXGroup;
			children = (
				960A852623E050F20027A55D /* PlaceViewModel.swift */,
			);
			path = ViewModel;
			sourceTree = "<group>";
		};
		962082AA23E04687009CF6B5 /* View */ = {
			isa = PBXGroup;
			children = (
				962082AB23E04753009CF6B5 /* AddPlaceView.swift */,
				960A852823E064B50027A55D /* PlaceCell.swift */,
				96AB252523E2E72C00F2F72A /* MapView.swift */,
				96AB252723E2FED500F2F72A /* ViewSelectedPlace.swift */,
				96AB252923E3036100F2F72A /* CircularView.swift */,
				962082A023E0466E009CF6B5 /* LaunchScreen.storyboard */,
			);
			path = View;
			sourceTree = "<group>";
		};
		96AE208623F4307300DE80BE /* Controller */ = {
			isa = PBXGroup;
			children = (
				966EBEBA23E9C338005F1B3F /* AddPlaceViewController.swift */,
				96AE208423F3FAD700DE80BE /* PlaceListViewModel.swift */,
			);
			path = Controller;
			sourceTree = "<group>";
		};
		96D4506623E5F1B500EDFB2E /* Helpers */ = {
			isa = PBXGroup;
			children = (
				96D4506923E5F24400EDFB2E /* Extentions */,
				96D4506723E5F1D400EDFB2E /* CoreDataManager.swift */,
			);
			path = Helpers;
			sourceTree = "<group>";
		};
		96D4506923E5F24400EDFB2E /* Extentions */ = {
			isa = PBXGroup;
			children = (
				96D4506A23E5F26300EDFB2E /* NSManagedObjectContext.swift */,
			);
			path = Extentions;
			sourceTree = "<group>";
		};
/* End PBXGroup section */

/* Begin PBXNativeTarget section */
		9620828E23E0466C009CF6B5 /* SwiftUI-CoreData */ = {
			isa = PBXNativeTarget;
			buildConfigurationList = 962082A623E0466E009CF6B5 /* Build configuration list for PBXNativeTarget "SwiftUI-CoreData" */;
			buildPhases = (
				9620828B23E0466C009CF6B5 /* Sources */,
				9620828C23E0466C009CF6B5 /* Frameworks */,
				9620828D23E0466C009CF6B5 /* Resources */,
			);
			buildRules = (
			);
			dependencies = (
			);
			name = "SwiftUI-CoreData";
			productName = "SwiftUI-CoreData";
			productReference = 9620828F23E0466C009CF6B5 /* SwiftUI-CoreData.app */;
			productType = "com.apple.product-type.application";
		};
/* End PBXNativeTarget section */

/* Begin PBXProject section */
		9620828723E0466C009CF6B5 /* Project object */ = {
			isa = PBXProject;
			attributes = {
				LastSwiftUpdateCheck = 1130;
				LastUpgradeCheck = 1130;
				ORGANIZATIONNAME = 22Round;
				TargetAttributes = {
					9620828E23E0466C009CF6B5 = {
						CreatedOnToolsVersion = 11.3.1;
					};
				};
			};
			buildConfigurationList = 9620828A23E0466C009CF6B5 /* Build configuration list for PBXProject "SwiftUI-CoreData" */;
			compatibilityVersion = "Xcode 9.3";
			developmentRegion = en;
			hasScannedForEncodings = 0;
			knownRegions = (
				en,
				Base,
			);
			mainGroup = 9620828623E0466C009CF6B5;
			productRefGroup = 9620829023E0466C009CF6B5 /* Products */;
			projectDirPath = "";
			projectRoot = "";
			targets = (
				9620828E23E0466C009CF6B5 /* SwiftUI-CoreData */,
			);
		};
/* End PBXProject section */

/* Begin PBXResourcesBuildPhase section */
		9620828D23E0466C009CF6B5 /* Resources */ = {
			isa = PBXResourcesBuildPhase;
			buildActionMask = 2147483647;
			files = (
				962082A223E0466E009CF6B5 /* LaunchScreen.storyboard in Resources */,
				9620829F23E0466E009CF6B5 /* Preview Assets.xcassets in Resources */,
				9620829C23E0466E009CF6B5 /* Assets.xcassets in Resources */,
			);
			runOnlyForDeploymentPostprocessing = 0;
		};
/* End PBXResourcesBuildPhase section */

/* Begin PBXSourcesBuildPhase section */
		9620828B23E0466C009CF6B5 /* Sources */ = {
			isa = PBXSourcesBuildPhase;
			buildActionMask = 2147483647;
			files = (
				9620829323E0466C009CF6B5 /* AppDelegate.swift in Sources */,
				96D4506B23E5F26300EDFB2E /* NSManagedObjectContext.swift in Sources */,
				96AB252623E2E72C00F2F72A /* MapView.swift in Sources */,
				9620829523E0466C009CF6B5 /* SceneDelegate.swift in Sources */,
				96AE208523F3FAD700DE80BE /* PlaceListViewModel.swift in Sources */,
				960A852923E064B50027A55D /* PlaceCell.swift in Sources */,
				96AB252823E2FED500F2F72A /* ViewSelectedPlace.swift in Sources */,
				96AB252A23E3036100F2F72A /* CircularView.swift in Sources */,
				960A852723E050F20027A55D /* PlaceViewModel.swift in Sources */,
				9620829A23E0466C009CF6B5 /* ContentView.swift in Sources */,
				966EBEBB23E9C338005F1B3F /* AddPlaceViewController.swift in Sources */,
				9620829823E0466C009CF6B5 /* SwiftUI_CoreData.xcdatamodeld in Sources */,
				962082AC23E04753009CF6B5 /* AddPlaceView.swift in Sources */,
				96D4506823E5F1D400EDFB2E /* CoreDataManager.swift in Sources */,
			);
			runOnlyForDeploymentPostprocessing = 0;
		};
/* End PBXSourcesBuildPhase section */

/* Begin PBXVariantGroup section */
		962082A023E0466E009CF6B5 /* LaunchScreen.storyboard */ = {
			isa = PBXVariantGroup;
			children = (
				962082A123E0466E009CF6B5 /* Base */,
			);
			name = LaunchScreen.storyboard;
			sourceTree = "<group>";
		};
/* End PBXVariantGroup section */

/* Begin XCBuildConfiguration section */
		962082A423E0466E009CF6B5 /* Debug */ = {
			isa = XCBuildConfiguration;
			buildSettings = {
				ALWAYS_SEARCH_USER_PATHS = NO;
				CLANG_ANALYZER_NONNULL = YES;
				CLANG_ANALYZER_NUMBER_OBJECT_CONVERSION = YES_AGGRESSIVE;
				CLANG_CXX_LANGUAGE_STANDARD = "gnu++14";
				CLANG_CXX_LIBRARY = "libc++";
				CLANG_ENABLE_MODULES = YES;
				CLANG_ENABLE_OBJC_ARC = YES;
				CLANG_ENABLE_OBJC_WEAK = YES;
				CLANG_WARN_BLOCK_CAPTURE_AUTORELEASING = YES;
				CLANG_WARN_BOOL_CONVERSION = YES;
				CLANG_WARN_COMMA = YES;
				CLANG_WARN_CONSTANT_CONVERSION = YES;
				CLANG_WARN_DEPRECATED_OBJC_IMPLEMENTATIONS = YES;
				CLANG_WARN_DIRECT_OBJC_ISA_USAGE = YES_ERROR;
				CLANG_WARN_DOCUMENTATION_COMMENTS = YES;
				CLANG_WARN_EMPTY_BODY = YES;
				CLANG_WARN_ENUM_CONVERSION = YES;
				CLANG_WARN_INFINITE_RECURSION = YES;
				CLANG_WARN_INT_CONVERSION = YES;
				CLANG_WARN_NON_LITERAL_NULL_CONVERSION = YES;
				CLANG_WARN_OBJC_IMPLICIT_RETAIN_SELF = YES;
				CLANG_WARN_OBJC_LITERAL_CONVERSION = YES;
				CLANG_WARN_OBJC_ROOT_CLASS = YES_ERROR;
				CLANG_WARN_RANGE_LOOP_ANALYSIS = YES;
				CLANG_WARN_STRICT_PROTOTYPES = YES;
				CLANG_WARN_SUSPICIOUS_MOVE = YES;
				CLANG_WARN_UNGUARDED_AVAILABILITY = YES_AGGRESSIVE;
				CLANG_WARN_UNREACHABLE_CODE = YES;
				CLANG_WARN__DUPLICATE_METHOD_MATCH = YES;
				COPY_PHASE_STRIP = NO;
				DEBUG_INFORMATION_FORMAT = dwarf;
				ENABLE_STRICT_OBJC_MSGSEND = YES;
				ENABLE_TESTABILITY = YES;
				GCC_C_LANGUAGE_STANDARD = gnu11;
				GCC_DYNAMIC_NO_PIC = NO;
				GCC_NO_COMMON_BLOCKS = YES;
				GCC_OPTIMIZATION_LEVEL = 0;
				GCC_PREPROCESSOR_DEFINITIONS = (
					"DEBUG=1",
					"$(inherited)",
				);
				GCC_WARN_64_TO_32_BIT_CONVERSION = YES;
				GCC_WARN_ABOUT_RETURN_TYPE = YES_ERROR;
				GCC_WARN_UNDECLARED_SELECTOR = YES;
				GCC_WARN_UNINITIALIZED_AUTOS = YES_AGGRESSIVE;
				GCC_WARN_UNUSED_FUNCTION = YES;
				GCC_WARN_UNUSED_VARIABLE = YES;
				IPHONEOS_DEPLOYMENT_TARGET = 13.2;
				MTL_ENABLE_DEBUG_INFO = INCLUDE_SOURCE;
				MTL_FAST_MATH = YES;
				ONLY_ACTIVE_ARCH = YES;
				SDKROOT = iphoneos;
				SWIFT_ACTIVE_COMPILATION_CONDITIONS = DEBUG;
				SWIFT_OPTIMIZATION_LEVEL = "-Onone";
			};
			name = Debug;
		};
		962082A523E0466E009CF6B5 /* Release */ = {
			isa = XCBuildConfiguration;
			buildSettings = {
				ALWAYS_SEARCH_USER_PATHS = NO;
				CLANG_ANALYZER_NONNULL = YES;
				CLANG_ANALYZER_NUMBER_OBJECT_CONVERSION = YES_AGGRESSIVE;
				CLANG_CXX_LANGUAGE_STANDARD = "gnu++14";
				CLANG_CXX_LIBRARY = "libc++";
				CLANG_ENABLE_MODULES = YES;
				CLANG_ENABLE_OBJC_ARC = YES;
				CLANG_ENABLE_OBJC_WEAK = YES;
				CLANG_WARN_BLOCK_CAPTURE_AUTORELEASING = YES;
				CLANG_WARN_BOOL_CONVERSION = YES;
				CLANG_WARN_COMMA = YES;
				CLANG_WARN_CONSTANT_CONVERSION = YES;
				CLANG_WARN_DEPRECATED_OBJC_IMPLEMENTATIONS = YES;
				CLANG_WARN_DIRECT_OBJC_ISA_USAGE = YES_ERROR;
				CLANG_WARN_DOCUMENTATION_COMMENTS = YES;
				CLANG_WARN_EMPTY_BODY = YES;
				CLANG_WARN_ENUM_CONVERSION = YES;
				CLANG_WARN_INFINITE_RECURSION = YES;
				CLANG_WARN_INT_CONVERSION = YES;
				CLANG_WARN_NON_LITERAL_NULL_CONVERSION = YES;
				CLANG_WARN_OBJC_IMPLICIT_RETAIN_SELF = YES;
				CLANG_WARN_OBJC_LITERAL_CONVERSION = YES;
				CLANG_WARN_OBJC_ROOT_CLASS = YES_ERROR;
				CLANG_WARN_RANGE_LOOP_ANALYSIS = YES;
				CLANG_WARN_STRICT_PROTOTYPES = YES;
				CLANG_WARN_SUSPICIOUS_MOVE = YES;
				CLANG_WARN_UNGUARDED_AVAILABILITY = YES_AGGRESSIVE;
				CLANG_WARN_UNREACHABLE_CODE = YES;
				CLANG_WARN__DUPLICATE_METHOD_MATCH = YES;
				COPY_PHASE_STRIP = NO;
				DEBUG_INFORMATION_FORMAT = "dwarf-with-dsym";
				ENABLE_NS_ASSERTIONS = NO;
				ENABLE_STRICT_OBJC_MSGSEND = YES;
				GCC_C_LANGUAGE_STANDARD = gnu11;
				GCC_NO_COMMON_BLOCKS = YES;
				GCC_WARN_64_TO_32_BIT_CONVERSION = YES;
				GCC_WARN_ABOUT_RETURN_TYPE = YES_ERROR;
				GCC_WARN_UNDECLARED_SELECTOR = YES;
				GCC_WARN_UNINITIALIZED_AUTOS = YES_AGGRESSIVE;
				GCC_WARN_UNUSED_FUNCTION = YES;
				GCC_WARN_UNUSED_VARIABLE = YES;
				IPHONEOS_DEPLOYMENT_TARGET = 13.2;
				MTL_ENABLE_DEBUG_INFO = NO;
				MTL_FAST_MATH = YES;
				SDKROOT = iphoneos;
				SWIFT_COMPILATION_MODE = wholemodule;
				SWIFT_OPTIMIZATION_LEVEL = "-O";
				VALIDATE_PRODUCT = YES;
			};
			name = Release;
		};
		962082A723E0466E009CF6B5 /* Debug */ = {
			isa = XCBuildConfiguration;
			buildSettings = {
				ASSETCATALOG_COMPILER_APPICON_NAME = AppIcon;
				CODE_SIGN_STYLE = Automatic;
				DEVELOPMENT_ASSET_PATHS = "\"SwiftUI-CoreData/Preview Content\"";
				DEVELOPMENT_TEAM = NJ6VPL5CMB;
				ENABLE_PREVIEWS = YES;
				INFOPLIST_FILE = "SwiftUI-CoreData/Info.plist";
				LD_RUNPATH_SEARCH_PATHS = (
					"$(inherited)",
					"@executable_path/Frameworks",
				);
				PRODUCT_BUNDLE_IDENTIFIER = "com.22round.SwiftUI-CoreData";
				PRODUCT_NAME = "$(TARGET_NAME)";
				SWIFT_VERSION = 5.0;
				TARGETED_DEVICE_FAMILY = "1,2";
			};
			name = Debug;
		};
		962082A823E0466E009CF6B5 /* Release */ = {
			isa = XCBuildConfiguration;
			buildSettings = {
				ASSETCATALOG_COMPILER_APPICON_NAME = AppIcon;
				CODE_SIGN_STYLE = Automatic;
				DEVELOPMENT_ASSET_PATHS = "\"SwiftUI-CoreData/Preview Content\"";
				DEVELOPMENT_TEAM = NJ6VPL5CMB;
				ENABLE_PREVIEWS = YES;
				INFOPLIST_FILE = "SwiftUI-CoreData/Info.plist";
				LD_RUNPATH_SEARCH_PATHS = (
					"$(inherited)",
					"@executable_path/Frameworks",
				);
				PRODUCT_BUNDLE_IDENTIFIER = "com.22round.SwiftUI-CoreData";
				PRODUCT_NAME = "$(TARGET_NAME)";
				SWIFT_VERSION = 5.0;
				TARGETED_DEVICE_FAMILY = "1,2";
			};
			name = Release;
		};
/* End XCBuildConfiguration section */

/* Begin XCConfigurationList section */
		9620828A23E0466C009CF6B5 /* Build configuration list for PBXProject "SwiftUI-CoreData" */ = {
			isa = XCConfigurationList;
			buildConfigurations = (
				962082A423E0466E009CF6B5 /* Debug */,
				962082A523E0466E009CF6B5 /* Release */,
			);
			defaultConfigurationIsVisible = 0;
			defaultConfigurationName = Release;
		};
		962082A623E0466E009CF6B5 /* Build configuration list for PBXNativeTarget "SwiftUI-CoreData" */ = {
			isa = XCConfigurationList;
			buildConfigurations = (
				962082A723E0466E009CF6B5 /* Debug */,
				962082A823E0466E009CF6B5 /* Release */,
			);
			defaultConfigurationIsVisible = 0;
			defaultConfigurationName = Release;
		};
/* End XCConfigurationList section */

/* Begin XCVersionGroup section */
		9620829623E0466C009CF6B5 /* SwiftUI_CoreData.xcdatamodeld */ = {
			isa = XCVersionGroup;
			children = (
				9620829723E0466C009CF6B5 /* SwiftUI_CoreData.xcdatamodel */,
			);
			currentVersion = 9620829723E0466C009CF6B5 /* SwiftUI_CoreData.xcdatamodel */;
			path = SwiftUI_CoreData.xcdatamodeld;
			sourceTree = "<group>";
			versionGroupType = wrapper.xcdatamodel;
		};
/* End XCVersionGroup section */
	};
	rootObject = 9620828723E0466C009CF6B5 /* Project object */;
}
